
Microsoft Visual Studio Solution File, Format Version 12.00
# Visual Studio Version 16
VisualStudioVersion = 16.0.29920.165
MinimumVisualStudioVersion = 10.0.40219.1
Project("{FAE04EC0-301F-11D3-BF4B-00C04F79EFBC}") = "COVID19_Web_Application_App", "COVID19_Web_Application_App.csproj", "{DFD5061A-F384-45A0-92FE-D353E04C6AAC}"
EndProject
Project("{2150E333-8FDC-42A3-9474-1A3956D46DE8}") = "Solution Items", "Solution Items", "{23D462EE-FC63-41E1-803F-791EF3921D77}"
	ProjectSection(SolutionItems) = preProject
		Month.xml = Month.xml
		Year.xml = Year.xml
	EndProjectSection
EndProject
Global
	GlobalSection(SolutionConfigurationPlatforms) = preSolution
		Debug|Any CPU = Debug|Any CPU
		Release|Any CPU = Release|Any CPU
	EndGlobalSection
	GlobalSection(ProjectConfigurationPlatforms) = postSolution
		{DFD5061A-F384-45A0-92FE-D353E04C6AAC}.Debug|Any CPU.ActiveCfg = Debug|Any CPU
		{DFD5061A-F384-45A0-92FE-D353E04C6AAC}.Debug|Any CPU.Build.0 = Debug|Any CPU
		{DFD5061A-F384-45A0-92FE-D353E04C6AAC}.Release|Any CPU.ActiveCfg = Release|Any CPU
		{DFD5061A-F384-45A0-92FE-D353E04C6AAC}.Release|Any CPU.Build.0 = Release|Any CPU
	EndGlobalSection
	GlobalSection(SolutionProperties) = preSolution
		HideSolutionNode = FALSE
	EndGlobalSection
	GlobalSection(ExtensibilityGlobals) = postSolution
		SolutionGuid = {8FA6C4F1-6519-4176-A446-E06C474AFD40}
	EndGlobalSection
EndGlobal
